
Microsoft Visual Studio Solution File, Format Version 11.00
# Visual Studio 2010
Project("{8BC9CEB8-8B4A-11D0-8D11-00A0C91BC942}") = "skadll", "skadll\skadll.vcxproj", "{3E35839F-9015-473C-A2D4-0A5C3A20EAA3}"
EndProject
Project("{8BC9CEB8-8B4A-11D0-8D11-00A0C91BC942}") = "app0001", "app0001\app0001.vcxproj", "{646A5255-309A-4368-9B09-AB817AD788AE}"
	ProjectSection(ProjectDependencies) = postProject
		{3E35839F-9015-473C-A2D4-0A5C3A20EAA3} = {3E35839F-9015-473C-A2D4-0A5C3A20EAA3}
	EndProjectSection
EndProject
Project("{8BC9CEB8-8B4A-11D0-8D11-00A0C91BC942}") = "app0002", "app0002\app0002.vcxproj", "{F7CA64A5-B79F-4766-8F68-49C873F16A2B}"
	ProjectSection(ProjectDependencies) = postProject
		{3E35839F-9015-473C-A2D4-0A5C3A20EAA3} = {3E35839F-9015-473C-A2D4-0A5C3A20EAA3}
	EndProjectSection
EndProject
Project("{8BC9CEB8-8B4A-11D0-8D11-00A0C91BC942}") = "app0003", "app0003\app0003.vcxproj", "{764BA0BF-956F-472C-93E0-D2EDB5F8E108}"
	ProjectSection(ProjectDependencies) = postProject
		{3E35839F-9015-473C-A2D4-0A5C3A20EAA3} = {3E35839F-9015-473C-A2D4-0A5C3A20EAA3}
	EndProjectSection
EndProject
Global
	GlobalSection(SolutionConfigurationPlatforms) = preSolution
		Debug|Win32 = Debug|Win32
		Release|Win32 = Release|Win32
	EndGlobalSection
	GlobalSection(ProjectConfigurationPlatforms) = postSolution
		{3E35839F-9015-473C-A2D4-0A5C3A20EAA3}.Debug|Win32.ActiveCfg = Debug|Win32
		{3E35839F-9015-473C-A2D4-0A5C3A20EAA3}.Debug|Win32.Build.0 = Debug|Win32
		{3E35839F-9015-473C-A2D4-0A5C3A20EAA3}.Release|Win32.ActiveCfg = Release|Win32
		{3E35839F-9015-473C-A2D4-0A5C3A20EAA3}.Release|Win32.Build.0 = Release|Win32
		{646A5255-309A-4368-9B09-AB817AD788AE}.Debug|Win32.ActiveCfg = Debug|Win32
		{646A5255-309A-4368-9B09-AB817AD788AE}.Debug|Win32.Build.0 = Debug|Win32
		{646A5255-309A-4368-9B09-AB817AD788AE}.Release|Win32.ActiveCfg = Release|Win32
		{646A5255-309A-4368-9B09-AB817AD788AE}.Release|Win32.Build.0 = Release|Win32
		{F7CA64A5-B79F-4766-8F68-49C873F16A2B}.Debug|Win32.ActiveCfg = Debug|Win32
		{F7CA64A5-B79F-4766-8F68-49C873F16A2B}.Debug|Win32.Build.0 = Debug|Win32
		{F7CA64A5-B79F-4766-8F68-49C873F16A2B}.Release|Win32.ActiveCfg = Release|Win32
		{F7CA64A5-B79F-4766-8F68-49C873F16A2B}.Release|Win32.Build.0 = Release|Win32
		{764BA0BF-956F-472C-93E0-D2EDB5F8E108}.Debug|Win32.ActiveCfg = Debug|Win32
		{764BA0BF-956F-472C-93E0-D2EDB5F8E108}.Debug|Win32.Build.0 = Debug|Win32
		{764BA0BF-956F-472C-93E0-D2EDB5F8E108}.Release|Win32.ActiveCfg = Release|Win32
		{764BA0BF-956F-472C-93E0-D2EDB5F8E108}.Release|Win32.Build.0 = Release|Win32
	EndGlobalSection
	GlobalSection(SolutionProperties) = preSolution
		HideSolutionNode = FALSE
	EndGlobalSection
EndGlobal
